
Microsoft Visual Studio Solution File, Format Version 12.00
# Visual Studio 2013
VisualStudioVersion = 12.0.31101.0
MinimumVisualStudioVersion = 10.0.40219.1
Project("{FAE04EC0-301F-11D3-BF4B-00C04F79EFBC}") = "MailChimp", "MailChimp\MailChimp.csproj", "{A1FD0B71-D896-45BA-9113-36D0C19BB45D}"
EndProject
Project("{FAE04EC0-301F-11D3-BF4B-00C04F79EFBC}") = "MailChimpTest", "MailChimpTest\MailChimpTest.csproj", "{1EF15E03-4CA6-40F5-BF8E-15A84CB00246}"
EndProject
Global
	GlobalSection(SolutionConfigurationPlatforms) = preSolution
		Debug|Any CPU = Debug|Any CPU
		Release|Any CPU = Release|Any CPU
	EndGlobalSection
	GlobalSection(ProjectConfigurationPlatforms) = postSolution
		{A1FD0B71-D896-45BA-9113-36D0C19BB45D}.Debug|Any CPU.ActiveCfg = Debug|Any CPU
		{A1FD0B71-D896-45BA-9113-36D0C19BB45D}.Debug|Any CPU.Build.0 = Debug|Any CPU
		{A1FD0B71-D896-45BA-9113-36D0C19BB45D}.Release|Any CPU.ActiveCfg = Release|Any CPU
		{A1FD0B71-D896-45BA-9113-36D0C19BB45D}.Release|Any CPU.Build.0 = Release|Any CPU
		{1EF15E03-4CA6-40F5-BF8E-15A84CB00246}.Debug|Any CPU.ActiveCfg = Debug|Any CPU
		{1EF15E03-4CA6-40F5-BF8E-15A84CB00246}.Debug|Any CPU.Build.0 = Debug|Any CPU
		{1EF15E03-4CA6-40F5-BF8E-15A84CB00246}.Release|Any CPU.ActiveCfg = Release|Any CPU
		{1EF15E03-4CA6-40F5-BF8E-15A84CB00246}.Release|Any CPU.Build.0 = Release|Any CPU
	EndGlobalSection
	GlobalSection(SolutionProperties) = preSolution
		HideSolutionNode = FALSE
	EndGlobalSection
EndGlobal
